
Microsoft Visual Studio Solution File, Format Version 12.00
# Visual Studio Version 16
VisualStudioVersion = 16.0.30114.105
MinimumVisualStudioVersion = 10.0.40219.1
Project("{FAE04EC0-301F-11D3-BF4B-00C04F79EFBC}") = "Lyui_MVC", "Lyui_MVC\Lyui_MVC.csproj", "{EBBD90B9-DD3A-44B4-888B-A3F1F8CB027D}"
EndProject
Global
	GlobalSection(SolutionConfigurationPlatforms) = preSolution
		Debug|Any CPU = Debug|Any CPU
		Release|Any CPU = Release|Any CPU
	EndGlobalSection
	GlobalSection(ProjectConfigurationPlatforms) = postSolution
		{EBBD90B9-DD3A-44B4-888B-A3F1F8CB027D}.Debug|Any CPU.ActiveCfg = Debug|Any CPU
		{EBBD90B9-DD3A-44B4-888B-A3F1F8CB027D}.Debug|Any CPU.Build.0 = Debug|Any CPU
		{EBBD90B9-DD3A-44B4-888B-A3F1F8CB027D}.Release|Any CPU.ActiveCfg = Release|Any CPU
		{EBBD90B9-DD3A-44B4-888B-A3F1F8CB027D}.Release|Any CPU.Build.0 = Release|Any CPU
	EndGlobalSection
	GlobalSection(SolutionProperties) = preSolution
		HideSolutionNode = FALSE
	EndGlobalSection
	GlobalSection(ExtensibilityGlobals) = postSolution
		SolutionGuid = {A5379888-C9C7-46EC-B799-4B2B83AC0B1A}
	EndGlobalSection
EndGlobal
